// !$*UTF8*$!
{
	archiveVersion = 1;
	classes = {
	};
	objectVersion = 42;
	objects = {

/* Begin PBXBuildFile section */
		221A01540B3F14B2002965D4 /* PluginList.m in Sources */ = {isa = PBXBuildFile; fileRef = 221A01530B3F14B2002965D4 /* PluginList.m */; };
		221A03E40B3F3FA9002965D4 /* Plugin.m in Sources */ = {isa = PBXBuildFile; fileRef = 221A03E30B3F3FA9002965D4 /* Plugin.m */; };
		222043410C3701F50035F5BA /* AGRegex.framework in Frameworks */ = {isa = PBXBuildFile; fileRef = 222043400C3701F50035F5BA /* AGRegex.framework */; };
		2220436E0C37030C0035F5BA /* AGRegex.framework in Copy AGRegexp */ = {isa = PBXBuildFile; fileRef = 222043400C3701F50035F5BA /* AGRegex.framework */; };
		22232A150B4351CD00F75602 /* Add.tiff in Resources */ = {isa = PBXBuildFile; fileRef = 22232A140B4351CD00F75602 /* Add.tiff */; };
		223A3C1C0C9BC81A000CE798 /* RSS.h in Copy Growl */ = {isa = PBXBuildFile; fileRef = 223A3C1A0C9BC81A000CE798 /* RSS.h */; };
		223A3C1D0C9BC81A000CE798 /* RSS.m in Sources */ = {isa = PBXBuildFile; fileRef = 223A3C1B0C9BC81A000CE798 /* RSS.m */; };
		223A3C210C9BC858000CE798 /* NSString+extras.h in Copy Growl */ = {isa = PBXBuildFile; fileRef = 223A3C1F0C9BC858000CE798 /* NSString+extras.h */; };
		223A3C220C9BC858000CE798 /* NSString+extras.m in Sources */ = {isa = PBXBuildFile; fileRef = 223A3C200C9BC858000CE798 /* NSString+extras.m */; };
		225088B40B40696900789E7B /* UrlGrabber.m in Sources */ = {isa = PBXBuildFile; fileRef = 225088B30B40696900789E7B /* UrlGrabber.m */; };
		2273D14D0B58E6300059AB87 /* ApplicationIcon.icns in Resources */ = {isa = PBXBuildFile; fileRef = 2273D1450B58E6300059AB87 /* ApplicationIcon.icns */; };
		2273D14E0B58E6300059AB87 /* ApplicationIcon.tiff in Resources */ = {isa = PBXBuildFile; fileRef = 2273D1460B58E6300059AB87 /* ApplicationIcon.tiff */; };
		2273D14F0B58E6300059AB87 /* InstallIcon.icns in Resources */ = {isa = PBXBuildFile; fileRef = 2273D1470B58E6300059AB87 /* InstallIcon.icns */; };
		2273D1500B58E6300059AB87 /* InstallIcon.tiff in Resources */ = {isa = PBXBuildFile; fileRef = 2273D1480B58E6300059AB87 /* InstallIcon.tiff */; };
		2273D1510B58E6300059AB87 /* RefreshIcon.icns in Resources */ = {isa = PBXBuildFile; fileRef = 2273D1490B58E6300059AB87 /* RefreshIcon.icns */; };
		2273D1520B58E6300059AB87 /* RefreshIcon.tiff in Resources */ = {isa = PBXBuildFile; fileRef = 2273D14A0B58E6300059AB87 /* RefreshIcon.tiff */; };
		2273D1530B58E6300059AB87 /* SelectIcon.icns in Resources */ = {isa = PBXBuildFile; fileRef = 2273D14B0B58E6300059AB87 /* SelectIcon.icns */; };
		2273D1540B58E6300059AB87 /* SelectIcon.tiff in Resources */ = {isa = PBXBuildFile; fileRef = 2273D14C0B58E6300059AB87 /* SelectIcon.tiff */; };
		2273D1A80B59B19F0059AB87 /* UnInstallIcon.tiff in Resources */ = {isa = PBXBuildFile; fileRef = 2273D1A60B59B19F0059AB87 /* UnInstallIcon.tiff */; };
		2273D1A90B59B19F0059AB87 /* UnInstallIcon.icns in Resources */ = {isa = PBXBuildFile; fileRef = 2273D1A70B59B19F0059AB87 /* UnInstallIcon.icns */; };
		227C52970B4B16C70041E5C6 /* Growl.framework in Frameworks */ = {isa = PBXBuildFile; fileRef = 227C52960B4B16C70041E5C6 /* Growl.framework */; };
		227C529D0B4B16FA0041E5C6 /* Growl.framework in Copy Growl */ = {isa = PBXBuildFile; fileRef = 227C52960B4B16C70041E5C6 /* Growl.framework */; };
		22AA960C0B68BF4D009CBBB8 /* Sparkle.framework in Frameworks */ = {isa = PBXBuildFile; fileRef = 22AA960B0B68BF4D009CBBB8 /* Sparkle.framework */; };
		22AA96250B68BF96009CBBB8 /* Sparkle.framework in Copy Sparkle */ = {isa = PBXBuildFile; fileRef = 22AA960B0B68BF4D009CBBB8 /* Sparkle.framework */; };
		22AD29110B4BE91F00DEAF1A /* COPYING in Resources */ = {isa = PBXBuildFile; fileRef = 22AD290E0B4BE91F00DEAF1A /* COPYING */; };
		22AD29120B4BE91F00DEAF1A /* INSTALL in Resources */ = {isa = PBXBuildFile; fileRef = 22AD290F0B4BE91F00DEAF1A /* INSTALL */; };
		22AD29130B4BE91F00DEAF1A /* README in Resources */ = {isa = PBXBuildFile; fileRef = 22AD29100B4BE91F00DEAF1A /* README */; };
		22B8E13A0B482B6500642B9B /* Notifications.m in Sources */ = {isa = PBXBuildFile; fileRef = 22B8E1390B482B6500642B9B /* Notifications.m */; };
		22C8C8B10B3EEB5F00B29632 /* PluginManager.m in Sources */ = {isa = PBXBuildFile; fileRef = 22C8C8B00B3EEB5F00B29632 /* PluginManager.m */; };
		22C8C8B40B3EEB6500B29632 /* PluginManagerController.m in Sources */ = {isa = PBXBuildFile; fileRef = 22C8C8B20B3EEB6500B29632 /* PluginManagerController.m */; };
		22EBC7A00B4D19D50009488E /* Credits.html in Resources */ = {isa = PBXBuildFile; fileRef = 22EBC79F0B4D19D50009488E /* Credits.html */; };
		8D11072A0486CEB800E47090 /* MainMenu.nib in Resources */ = {isa = PBXBuildFile; fileRef = 29B97318FDCFA39411CA2CEA /* MainMenu.nib */; };
		8D11072B0486CEB800E47090 /* InfoPlist.strings in Resources */ = {isa = PBXBuildFile; fileRef = 089C165CFE840E0CC02AAC07 /* InfoPlist.strings */; };
		8D11072D0486CEB800E47090 /* main.m in Sources */ = {isa = PBXBuildFile; fileRef = 29B97316FDCFA39411CA2CEA /* main.m */; settings = {ATTRIBUTES = (); }; };
		8D11072F0486CEB800E47090 /* Cocoa.framework in Frameworks */ = {isa = PBXBuildFile; fileRef = 1058C7A1FEA54F0111CA2CBB /* Cocoa.framework */; };
/* End PBXBuildFile section */

/* Begin PBXCopyFilesBuildPhase section */
		2220436C0C3702DF0035F5BA /* Copy AGRegexp */ = {
			isa = PBXCopyFilesBuildPhase;
			buildActionMask = 2147483647;
			dstPath = "";
			dstSubfolderSpec = 10;
			files = (
				2220436E0C37030C0035F5BA /* AGRegex.framework in Copy AGRegexp */,
			);
			name = "Copy AGRegexp";
			runOnlyForDeploymentPostprocessing = 0;
		};
		227C529B0B4B16E20041E5C6 /* Copy Growl */ = {
			isa = PBXCopyFilesBuildPhase;
			buildActionMask = 2147483647;
			dstPath = "";
			dstSubfolderSpec = 10;
			files = (
				227C529D0B4B16FA0041E5C6 /* Growl.framework in Copy Growl */,
				223A3C1C0C9BC81A000CE798 /* RSS.h in Copy Growl */,
				223A3C210C9BC858000CE798 /* NSString+extras.h in Copy Growl */,
			);
			name = "Copy Growl";
			runOnlyForDeploymentPostprocessing = 0;
		};
		22AA96200B68BF64009CBBB8 /* Copy Sparkle */ = {
			isa = PBXCopyFilesBuildPhase;
			buildActionMask = 2147483647;
			dstPath = "";
			dstSubfolderSpec = 10;
			files = (
				22AA96250B68BF96009CBBB8 /* Sparkle.framework in Copy Sparkle */,
			);
			name = "Copy Sparkle";
			runOnlyForDeploymentPostprocessing = 0;
		};
/* End PBXCopyFilesBuildPhase section */

/* Begin PBXFileReference section */
		089C165DFE840E0CC02AAC07 /* English */ = {isa = PBXFileReference; fileEncoding = 10; lastKnownFileType = text.plist.strings; name = English; path = English.lproj/InfoPlist.strings; sourceTree = "<group>"; };
		1058C7A1FEA54F0111CA2CBB /* Cocoa.framework */ = {isa = PBXFileReference; lastKnownFileType = wrapper.framework; name = Cocoa.framework; path = /System/Library/Frameworks/Cocoa.framework; sourceTree = "<absolute>"; };
		13E42FB307B3F0F600E4EEF1 /* CoreData.framework */ = {isa = PBXFileReference; lastKnownFileType = wrapper.framework; name = CoreData.framework; path = /System/Library/Frameworks/CoreData.framework; sourceTree = "<absolute>"; };
		221A01520B3F14B2002965D4 /* PluginList.h */ = {isa = PBXFileReference; fileEncoding = 30; lastKnownFileType = sourcecode.c.h; path = PluginList.h; sourceTree = "<group>"; };
		221A01530B3F14B2002965D4 /* PluginList.m */ = {isa = PBXFileReference; fileEncoding = 30; lastKnownFileType = sourcecode.c.objc; path = PluginList.m; sourceTree = "<group>"; };
		221A03E20B3F3FA9002965D4 /* Plugin.h */ = {isa = PBXFileReference; fileEncoding = 30; lastKnownFileType = sourcecode.c.h; path = Plugin.h; sourceTree = "<group>"; };
		221A03E30B3F3FA9002965D4 /* Plugin.m */ = {isa = PBXFileReference; fileEncoding = 30; lastKnownFileType = sourcecode.c.objc; path = Plugin.m; sourceTree = "<group>"; };
		222043400C3701F50035F5BA /* AGRegex.framework */ = {isa = PBXFileReference; lastKnownFileType = wrapper.framework; name = AGRegex.framework; path = build/Development/AGRegex.framework; sourceTree = "<group>"; };
		22232A140B4351CD00F75602 /* Add.tiff */ = {isa = PBXFileReference; lastKnownFileType = image.tiff; path = Add.tiff; sourceTree = "<group>"; };
		223A3C1A0C9BC81A000CE798 /* RSS.h */ = {isa = PBXFileReference; fileEncoding = 30; lastKnownFileType = sourcecode.c.h; name = RSS.h; path = RSSInspector/RSS.h; sourceTree = "<group>"; };
		223A3C1B0C9BC81A000CE798 /* RSS.m */ = {isa = PBXFileReference; fileEncoding = 30; lastKnownFileType = sourcecode.c.objc; name = RSS.m; path = RSSInspector/RSS.m; sourceTree = "<group>"; };
		223A3C1F0C9BC858000CE798 /* NSString+extras.h */ = {isa = PBXFileReference; fileEncoding = 30; lastKnownFileType = sourcecode.c.h; name = "NSString+extras.h"; path = "RSSInspector/NSString+extras.h"; sourceTree = "<group>"; };
		223A3C200C9BC858000CE798 /* NSString+extras.m */ = {isa = PBXFileReference; fileEncoding = 30; lastKnownFileType = sourcecode.c.objc; name = "NSString+extras.m"; path = "RSSInspector/NSString+extras.m"; sourceTree = "<group>"; };
		225088B20B40696900789E7B /* UrlGrabber.h */ = {isa = PBXFileReference; fileEncoding = 30; lastKnownFileType = sourcecode.c.h; path = UrlGrabber.h; sourceTree = "<group>"; };
		225088B30B40696900789E7B /* UrlGrabber.m */ = {isa = PBXFileReference; fileEncoding = 30; lastKnownFileType = sourcecode.c.objc; path = UrlGrabber.m; sourceTree = "<group>"; };
		2273D1450B58E6300059AB87 /* ApplicationIcon.icns */ = {isa = PBXFileReference; lastKnownFileType = image.icns; name = ApplicationIcon.icns; path = icons/ApplicationIcon.icns; sourceTree = "<group>"; };
		2273D1460B58E6300059AB87 /* ApplicationIcon.tiff */ = {isa = PBXFileReference; lastKnownFileType = image.tiff; name = ApplicationIcon.tiff; path = icons/ApplicationIcon.tiff; sourceTree = "<group>"; };
		2273D1470B58E6300059AB87 /* InstallIcon.icns */ = {isa = PBXFileReference; lastKnownFileType = image.icns; name = InstallIcon.icns; path = icons/InstallIcon.icns; sourceTree = "<group>"; };
		2273D1480B58E6300059AB87 /* InstallIcon.tiff */ = {isa = PBXFileReference; lastKnownFileType = image.tiff; name = InstallIcon.tiff; path = icons/InstallIcon.tiff; sourceTree = "<group>"; };
		2273D1490B58E6300059AB87 /* RefreshIcon.icns */ = {isa = PBXFileReference; lastKnownFileType = image.icns; name = RefreshIcon.icns; path = icons/RefreshIcon.icns; sourceTree = "<group>"; };
		2273D14A0B58E6300059AB87 /* RefreshIcon.tiff */ = {isa = PBXFileReference; lastKnownFileType = image.tiff; name = RefreshIcon.tiff; path = icons/RefreshIcon.tiff; sourceTree = "<group>"; };
		2273D14B0B58E6300059AB87 /* SelectIcon.icns */ = {isa = PBXFileReference; lastKnownFileType = image.icns; name = SelectIcon.icns; path = icons/SelectIcon.icns; sourceTree = "<group>"; };
		2273D14C0B58E6300059AB87 /* SelectIcon.tiff */ = {isa = PBXFileReference; lastKnownFileType = image.tiff; name = SelectIcon.tiff; path = icons/SelectIcon.tiff; sourceTree = "<group>"; };
		2273D1A60B59B19F0059AB87 /* UnInstallIcon.tiff */ = {isa = PBXFileReference; lastKnownFileType = image.tiff; name = UnInstallIcon.tiff; path = icons/UnInstallIcon.tiff; sourceTree = "<group>"; };
		2273D1A70B59B19F0059AB87 /* UnInstallIcon.icns */ = {isa = PBXFileReference; lastKnownFileType = image.icns; name = UnInstallIcon.icns; path = icons/UnInstallIcon.icns; sourceTree = "<group>"; };
		227C52960B4B16C70041E5C6 /* Growl.framework */ = {isa = PBXFileReference; lastKnownFileType = wrapper.framework; name = Growl.framework; path = /Library/Frameworks/Growl.framework; sourceTree = "<absolute>"; };
		22AA960B0B68BF4D009CBBB8 /* Sparkle.framework */ = {isa = PBXFileReference; lastKnownFileType = wrapper.framework; path = Sparkle.framework; sourceTree = "<group>"; };
		22AD290E0B4BE91F00DEAF1A /* COPYING */ = {isa = PBXFileReference; fileEncoding = 30; lastKnownFileType = text; path = COPYING; sourceTree = "<group>"; };
		22AD290F0B4BE91F00DEAF1A /* INSTALL */ = {isa = PBXFileReference; fileEncoding = 30; lastKnownFileType = text; path = INSTALL; sourceTree = "<group>"; };
		22AD29100B4BE91F00DEAF1A /* README */ = {isa = PBXFileReference; fileEncoding = 30; lastKnownFileType = text; path = README; sourceTree = "<group>"; };
		22B8E1380B482B6500642B9B /* Notifications.h */ = {isa = PBXFileReference; fileEncoding = 4; lastKnownFileType = sourcecode.c.h; path = Notifications.h; sourceTree = "<group>"; };
		22B8E1390B482B6500642B9B /* Notifications.m */ = {isa = PBXFileReference; fileEncoding = 4; lastKnownFileType = sourcecode.c.objc; path = Notifications.m; sourceTree = "<group>"; };
		22C8C8AF0B3EEB5F00B29632 /* PluginManager.h */ = {isa = PBXFileReference; fileEncoding = 30; lastKnownFileType = sourcecode.c.h; path = PluginManager.h; sourceTree = "<group>"; };
		22C8C8B00B3EEB5F00B29632 /* PluginManager.m */ = {isa = PBXFileReference; fileEncoding = 30; lastKnownFileType = sourcecode.c.objc; path = PluginManager.m; sourceTree = "<group>"; };
		22C8C8B20B3EEB6500B29632 /* PluginManagerController.m */ = {isa = PBXFileReference; fileEncoding = 30; lastKnownFileType = sourcecode.c.objc; path = PluginManagerController.m; sourceTree = "<group>"; };
		22C8C8B30B3EEB6500B29632 /* PluginManagerController.h */ = {isa = PBXFileReference; fileEncoding = 30; lastKnownFileType = sourcecode.c.h; path = PluginManagerController.h; sourceTree = "<group>"; };
		22EBC79F0B4D19D50009488E /* Credits.html */ = {isa = PBXFileReference; fileEncoding = 4; lastKnownFileType = text.html; path = Credits.html; sourceTree = "<group>"; };
		29B97316FDCFA39411CA2CEA /* main.m */ = {isa = PBXFileReference; fileEncoding = 4; lastKnownFileType = sourcecode.c.objc; path = main.m; sourceTree = "<group>"; };
		29B97319FDCFA39411CA2CEA /* English */ = {isa = PBXFileReference; lastKnownFileType = wrapper.nib; name = English; path = English.lproj/MainMenu.nib; sourceTree = "<group>"; };
		29B97324FDCFA39411CA2CEA /* AppKit.framework */ = {isa = PBXFileReference; lastKnownFileType = wrapper.framework; name = AppKit.framework; path = /System/Library/Frameworks/AppKit.framework; sourceTree = "<absolute>"; };
		29B97325FDCFA39411CA2CEA /* Foundation.framework */ = {isa = PBXFileReference; lastKnownFileType = wrapper.framework; name = Foundation.framework; path = /System/Library/Frameworks/Foundation.framework; sourceTree = "<absolute>"; };
		32CA4F630368D1EE00C91783 /* MacAceUpdater_Prefix.pch */ = {isa = PBXFileReference; fileEncoding = 4; lastKnownFileType = sourcecode.c.h; path = MacAceUpdater_Prefix.pch; sourceTree = "<group>"; };
		8D1107310486CEB800E47090 /* Info.plist */ = {isa = PBXFileReference; fileEncoding = 4; lastKnownFileType = text.plist; path = Info.plist; sourceTree = "<group>"; };
		8D1107320486CEB800E47090 /* MacAceUpdater.app */ = {isa = PBXFileReference; explicitFileType = wrapper.application; includeInIndex = 0; path = MacAceUpdater.app; sourceTree = BUILT_PRODUCTS_DIR; };
/* End PBXFileReference section */

/* Begin PBXFrameworksBuildPhase section */
		8D11072E0486CEB800E47090 /* Frameworks */ = {
			isa = PBXFrameworksBuildPhase;
			buildActionMask = 2147483647;
			files = (
				8D11072F0486CEB800E47090 /* Cocoa.framework in Frameworks */,
				227C52970B4B16C70041E5C6 /* Growl.framework in Frameworks */,
				22AA960C0B68BF4D009CBBB8 /* Sparkle.framework in Frameworks */,
				222043410C3701F50035F5BA /* AGRegex.framework in Frameworks */,
			);
			runOnlyForDeploymentPostprocessing = 0;
		};
/* End PBXFrameworksBuildPhase section */

/* Begin PBXGroup section */
		080E96DDFE201D6D7F000001 /* Classes */ = {
			isa = PBXGroup;
			children = (
				223A3C1F0C9BC858000CE798 /* NSString+extras.h */,
				223A3C200C9BC858000CE798 /* NSString+extras.m */,
				223A3C1A0C9BC81A000CE798 /* RSS.h */,
				223A3C1B0C9BC81A000CE798 /* RSS.m */,
				22C8C8B00B3EEB5F00B29632 /* PluginManager.m */,
				22C8C8AF0B3EEB5F00B29632 /* PluginManager.h */,
				22C8C8B20B3EEB6500B29632 /* PluginManagerController.m */,
				22C8C8B30B3EEB6500B29632 /* PluginManagerController.h */,
				221A01520B3F14B2002965D4 /* PluginList.h */,
				221A01530B3F14B2002965D4 /* PluginList.m */,
				221A03E20B3F3FA9002965D4 /* Plugin.h */,
				221A03E30B3F3FA9002965D4 /* Plugin.m */,
				225088B20B40696900789E7B /* UrlGrabber.h */,
				225088B30B40696900789E7B /* UrlGrabber.m */,
				22B8E1380B482B6500642B9B /* Notifications.h */,
				22B8E1390B482B6500642B9B /* Notifications.m */,
			);
			name = Classes;
			sourceTree = "<group>";
		};
		1058C7A0FEA54F0111CA2CBB /* Linked Frameworks */ = {
			isa = PBXGroup;
			children = (
				222043400C3701F50035F5BA /* AGRegex.framework */,
				22AA960B0B68BF4D009CBBB8 /* Sparkle.framework */,
				227C52960B4B16C70041E5C6 /* Growl.framework */,
				1058C7A1FEA54F0111CA2CBB /* Cocoa.framework */,
			);
			name = "Linked Frameworks";
			sourceTree = "<group>";
		};
		1058C7A2FEA54F0111CA2CBB /* Other Frameworks */ = {
			isa = PBXGroup;
			children = (
				29B97324FDCFA39411CA2CEA /* AppKit.framework */,
				13E42FB307B3F0F600E4EEF1 /* CoreData.framework */,
				29B97325FDCFA39411CA2CEA /* Foundation.framework */,
			);
			name = "Other Frameworks";
			sourceTree = "<group>";
		};
		19C28FACFE9D520D11CA2CBB /* Products */ = {
			isa = PBXGroup;
			children = (
				8D1107320486CEB800E47090 /* MacAceUpdater.app */,
			);
			name = Products;
			sourceTree = "<group>";
		};
		29B97314FDCFA39411CA2CEA /* MacAceUpdater */ = {
			isa = PBXGroup;
			children = (
				080E96DDFE201D6D7F000001 /* Classes */,
				29B97315FDCFA39411CA2CEA /* Other Sources */,
				29B97317FDCFA39411CA2CEA /* Resources */,
				29B97323FDCFA39411CA2CEA /* Frameworks */,
				19C28FACFE9D520D11CA2CBB /* Products */,
			);
			name = MacAceUpdater;
			sourceTree = "<group>";
		};
		29B97315FDCFA39411CA2CEA /* Other Sources */ = {
			isa = PBXGroup;
			children = (
				32CA4F630368D1EE00C91783 /* MacAceUpdater_Prefix.pch */,
				29B97316FDCFA39411CA2CEA /* main.m */,
			);
			name = "Other Sources";
			sourceTree = "<group>";
		};
		29B97317FDCFA39411CA2CEA /* Resources */ = {
			isa = PBXGroup;
			children = (
				2273D1A60B59B19F0059AB87 /* UnInstallIcon.tiff */,
				2273D1A70B59B19F0059AB87 /* UnInstallIcon.icns */,
				2273D14C0B58E6300059AB87 /* SelectIcon.tiff */,
				2273D1460B58E6300059AB87 /* ApplicationIcon.tiff */,
				2273D14A0B58E6300059AB87 /* RefreshIcon.tiff */,
				2273D1450B58E6300059AB87 /* ApplicationIcon.icns */,
				2273D1490B58E6300059AB87 /* RefreshIcon.icns */,
				2273D1470B58E6300059AB87 /* InstallIcon.icns */,
				2273D14B0B58E6300059AB87 /* SelectIcon.icns */,
				2273D1480B58E6300059AB87 /* InstallIcon.tiff */,
				22AD290E0B4BE91F00DEAF1A /* COPYING */,
				22AD290F0B4BE91F00DEAF1A /* INSTALL */,
				22AD29100B4BE91F00DEAF1A /* README */,
				8D1107310486CEB800E47090 /* Info.plist */,
				22232A140B4351CD00F75602 /* Add.tiff */,
				089C165CFE840E0CC02AAC07 /* InfoPlist.strings */,
				29B97318FDCFA39411CA2CEA /* MainMenu.nib */,
				22EBC79F0B4D19D50009488E /* Credits.html */,
			);
			name = Resources;
			sourceTree = "<group>";
		};
		29B97323FDCFA39411CA2CEA /* Frameworks */ = {
			isa = PBXGroup;
			children = (
				1058C7A0FEA54F0111CA2CBB /* Linked Frameworks */,
				1058C7A2FEA54F0111CA2CBB /* Other Frameworks */,
			);
			name = Frameworks;
			sourceTree = "<group>";
		};
/* End PBXGroup section */

/* Begin PBXNativeTarget section */
		8D1107260486CEB800E47090 /* MacAceUpdater */ = {
			isa = PBXNativeTarget;
			buildConfigurationList = C01FCF4A08A954540054247B /* Build configuration list for PBXNativeTarget "MacAceUpdater" */;
			buildPhases = (
				8D1107290486CEB800E47090 /* Resources */,
				8D11072C0486CEB800E47090 /* Sources */,
				8D11072E0486CEB800E47090 /* Frameworks */,
				227C529B0B4B16E20041E5C6 /* Copy Growl */,
				22AA96200B68BF64009CBBB8 /* Copy Sparkle */,
				2220436C0C3702DF0035F5BA /* Copy AGRegexp */,
			);
			buildRules = (
			);
			dependencies = (
			);
			name = MacAceUpdater;
			productInstallPath = "$(HOME)/Applications";
			productName = MacAceUpdater;
			productReference = 8D1107320486CEB800E47090 /* MacAceUpdater.app */;
			productType = "com.apple.product-type.application";
		};
/* End PBXNativeTarget section */

/* Begin PBXProject section */
		29B97313FDCFA39411CA2CEA /* Project object */ = {
			isa = PBXProject;
			buildConfigurationList = C01FCF4E08A954540054247B /* Build configuration list for PBXProject "MacAceUpdater" */;
			compatibilityVersion = "Xcode 2.4";
			hasScannedForEncodings = 1;
			mainGroup = 29B97314FDCFA39411CA2CEA /* MacAceUpdater */;
			projectDirPath = "";
			projectRoot = "";
			targets = (
				8D1107260486CEB800E47090 /* MacAceUpdater */,
			);
		};
/* End PBXProject section */

/* Begin PBXResourcesBuildPhase section */
		8D1107290486CEB800E47090 /* Resources */ = {
			isa = PBXResourcesBuildPhase;
			buildActionMask = 2147483647;
			files = (
				8D11072A0486CEB800E47090 /* MainMenu.nib in Resources */,
				8D11072B0486CEB800E47090 /* InfoPlist.strings in Resources */,
				22232A150B4351CD00F75602 /* Add.tiff in Resources */,
				22AD29110B4BE91F00DEAF1A /* COPYING in Resources */,
				22AD29120B4BE91F00DEAF1A /* INSTALL in Resources */,
				22AD29130B4BE91F00DEAF1A /* README in Resources */,
				22EBC7A00B4D19D50009488E /* Credits.html in Resources */,
				2273D14D0B58E6300059AB87 /* ApplicationIcon.icns in Resources */,
				2273D14E0B58E6300059AB87 /* ApplicationIcon.tiff in Resources */,
				2273D14F0B58E6300059AB87 /* InstallIcon.icns in Resources */,
				2273D1500B58E6300059AB87 /* InstallIcon.tiff in Resources */,
				2273D1510B58E6300059AB87 /* RefreshIcon.icns in Resources */,
				2273D1520B58E6300059AB87 /* RefreshIcon.tiff in Resources */,
				2273D1530B58E6300059AB87 /* SelectIcon.icns in Resources */,
				2273D1540B58E6300059AB87 /* SelectIcon.tiff in Resources */,
				2273D1A80B59B19F0059AB87 /* UnInstallIcon.tiff in Resources */,
				2273D1A90B59B19F0059AB87 /* UnInstallIcon.icns in Resources */,
			);
			runOnlyForDeploymentPostprocessing = 0;
		};
/* End PBXResourcesBuildPhase section */

/* Begin PBXSourcesBuildPhase section */
		8D11072C0486CEB800E47090 /* Sources */ = {
			isa = PBXSourcesBuildPhase;
			buildActionMask = 2147483647;
			files = (
				8D11072D0486CEB800E47090 /* main.m in Sources */,
				22C8C8B10B3EEB5F00B29632 /* PluginManager.m in Sources */,
				22C8C8B40B3EEB6500B29632 /* PluginManagerController.m in Sources */,
				221A01540B3F14B2002965D4 /* PluginList.m in Sources */,
				221A03E40B3F3FA9002965D4 /* Plugin.m in Sources */,
				225088B40B40696900789E7B /* UrlGrabber.m in Sources */,
				22B8E13A0B482B6500642B9B /* Notifications.m in Sources */,
				223A3C1D0C9BC81A000CE798 /* RSS.m in Sources */,
				223A3C220C9BC858000CE798 /* NSString+extras.m in Sources */,
			);
			runOnlyForDeploymentPostprocessing = 0;
		};
/* End PBXSourcesBuildPhase section */

/* Begin PBXVariantGroup section */
		089C165CFE840E0CC02AAC07 /* InfoPlist.strings */ = {
			isa = PBXVariantGroup;
			children = (
				089C165DFE840E0CC02AAC07 /* English */,
			);
			name = InfoPlist.strings;
			sourceTree = "<group>";
		};
		29B97318FDCFA39411CA2CEA /* MainMenu.nib */ = {
			isa = PBXVariantGroup;
			children = (
				29B97319FDCFA39411CA2CEA /* English */,
			);
			name = MainMenu.nib;
			sourceTree = "<group>";
		};
/* End PBXVariantGroup section */

/* Begin XCBuildConfiguration section */
		C01FCF4B08A954540054247B /* Debug */ = {
			isa = XCBuildConfiguration;
			buildSettings = {
				COPY_PHASE_STRIP = NO;
				FRAMEWORK_SEARCH_PATHS = (
					"$(inherited)",
					"$(FRAMEWORK_SEARCH_PATHS_QUOTED_1)",
					"$(FRAMEWORK_SEARCH_PATHS_QUOTED_2)",
				);
				FRAMEWORK_SEARCH_PATHS_QUOTED_1 = "\"$(SRCROOT)\"";
				FRAMEWORK_SEARCH_PATHS_QUOTED_2 = "\"$(SRCROOT)/build/Development\"";
				GCC_DYNAMIC_NO_PIC = NO;
				GCC_ENABLE_FIX_AND_CONTINUE = YES;
				GCC_MODEL_TUNING = G5;
				GCC_OPTIMIZATION_LEVEL = 0;
				INFOPLIST_FILE = Info.plist;
				INSTALL_PATH = "$(HOME)/Applications";
				PRODUCT_NAME = MacAceUpdater;
				WRAPPER_EXTENSION = app;
				ZERO_LINK = YES;
			};
			name = Debug;
		};
		C01FCF4C08A954540054247B /* Release */ = {
			isa = XCBuildConfiguration;
			buildSettings = {
				ARCHS = (
					ppc,
					i386,
				);
				FRAMEWORK_SEARCH_PATHS = (
					"$(inherited)",
					"$(FRAMEWORK_SEARCH_PATHS_QUOTED_1)",
					"$(FRAMEWORK_SEARCH_PATHS_QUOTED_2)",
				);
				FRAMEWORK_SEARCH_PATHS_QUOTED_1 = "\"$(SRCROOT)\"";
				FRAMEWORK_SEARCH_PATHS_QUOTED_2 = "\"$(SRCROOT)/build/Development\"";
				GCC_GENERATE_DEBUGGING_SYMBOLS = NO;
				GCC_MODEL_TUNING = G5;
				INFOPLIST_FILE = Info.plist;
				INSTALL_PATH = "$(HOME)/Applications";
				PRODUCT_NAME = MacAceUpdater;
				WRAPPER_EXTENSION = app;
			};
			name = Release;
		};
		C01FCF4F08A954540054247B /* Debug */ = {
			isa = XCBuildConfiguration;
			buildSettings = {
				ARCHS = (
					ppc,
					i386,
				);
				GCC_WARN_ABOUT_RETURN_TYPE = YES;
				GCC_WARN_UNUSED_VARIABLE = YES;
				PREBINDING = YES;
				SDKROOT = /Developer/SDKs/MacOSX10.4u.sdk;
			};
			name = Debug;
		};
		C01FCF5008A954540054247B /* Release */ = {
			isa = XCBuildConfiguration;
			buildSettings = {
				ARCHS = (
					ppc,
					i386,
				);
				GCC_WARN_ABOUT_RETURN_TYPE = YES;
				GCC_WARN_UNUSED_VARIABLE = YES;
				PREBINDING = YES;
				SDKROOT = /Developer/SDKs/MacOSX10.4u.sdk;
			};
			name = Release;
		};
/* End XCBuildConfiguration section */

/* Begin XCConfigurationList section */
		C01FCF4A08A954540054247B /* Build configuration list for PBXNativeTarget "MacAceUpdater" */ = {
			isa = XCConfigurationList;
			buildConfigurations = (
				C01FCF4B08A954540054247B /* Debug */,
				C01FCF4C08A954540054247B /* Release */,
			);
			defaultConfigurationIsVisible = 0;
			defaultConfigurationName = Release;
		};
		C01FCF4E08A954540054247B /* Build configuration list for PBXProject "MacAceUpdater" */ = {
			isa = XCConfigurationList;
			buildConfigurations = (
				C01FCF4F08A954540054247B /* Debug */,
				C01FCF5008A954540054247B /* Release */,
			);
			defaultConfigurationIsVisible = 0;
			defaultConfigurationName = Release;
		};
/* End XCConfigurationList section */
	};
	rootObject = 29B97313FDCFA39411CA2CEA /* Project object */;
}
